
Microsoft Visual Studio Solution File, Format Version 12.00
# Visual Studio Version 16
VisualStudioVersion = 16.0.29409.12
MinimumVisualStudioVersion = 10.0.40219.1
Project("{FAE04EC0-301F-11D3-BF4B-00C04F79EFBC}") = "dbHW", "dbHW.csproj", "{E094C812-08EE-4525-BD8E-2E4FB02F161F}"
EndProject
Global
	GlobalSection(SolutionConfigurationPlatforms) = preSolution
		Debug|Any CPU = Debug|Any CPU
		Release|Any CPU = Release|Any CPU
	EndGlobalSection
	GlobalSection(ProjectConfigurationPlatforms) = postSolution
		{E094C812-08EE-4525-BD8E-2E4FB02F161F}.Debug|Any CPU.ActiveCfg = Debug|Any CPU
		{E094C812-08EE-4525-BD8E-2E4FB02F161F}.Debug|Any CPU.Build.0 = Debug|Any CPU
		{E094C812-08EE-4525-BD8E-2E4FB02F161F}.Release|Any CPU.ActiveCfg = Release|Any CPU
		{E094C812-08EE-4525-BD8E-2E4FB02F161F}.Release|Any CPU.Build.0 = Release|Any CPU
	EndGlobalSection
	GlobalSection(SolutionProperties) = preSolution
		HideSolutionNode = FALSE
	EndGlobalSection
	GlobalSection(ExtensibilityGlobals) = postSolution
		SolutionGuid = {F813BE38-65DB-42DE-9E99-C1B49C2FBB03}
	EndGlobalSection
EndGlobal
